
Microsoft Visual Studio Solution File, Format Version 12.00
# Visual Studio Version 17
VisualStudioVersion = 17.3.32819.101
MinimumVisualStudioVersion = 10.0.40219.1
Project("{FAE04EC0-301F-11D3-BF4B-00C04F79EFBC}") = "Practica1", "Practica1\Practica1.csproj", "{C02EA7FF-2CB3-4405-9E27-BAC5946E4EC6}"
EndProject
Global
	GlobalSection(SolutionConfigurationPlatforms) = preSolution
		Debug|Any CPU = Debug|Any CPU
		Release|Any CPU = Release|Any CPU
	EndGlobalSection
	GlobalSection(ProjectConfigurationPlatforms) = postSolution
		{C02EA7FF-2CB3-4405-9E27-BAC5946E4EC6}.Debug|Any CPU.ActiveCfg = Debug|Any CPU
		{C02EA7FF-2CB3-4405-9E27-BAC5946E4EC6}.Debug|Any CPU.Build.0 = Debug|Any CPU
		{C02EA7FF-2CB3-4405-9E27-BAC5946E4EC6}.Release|Any CPU.ActiveCfg = Release|Any CPU
		{C02EA7FF-2CB3-4405-9E27-BAC5946E4EC6}.Release|Any CPU.Build.0 = Release|Any CPU
	EndGlobalSection
	GlobalSection(SolutionProperties) = preSolution
		HideSolutionNode = FALSE
	EndGlobalSection
	GlobalSection(ExtensibilityGlobals) = postSolution
		SolutionGuid = {D484FD48-1CB2-4BA0-852E-537CE6A6875C}
	EndGlobalSection
EndGlobal
